{
  "name": "SpringgreenSentimentalAddin",
  "version": "1.0.0",
  "lockfileVersion": 2,
  "requires": true,
  "packages": {
    "": {
      "name": "SpringgreenSentimentalAddin",
      "version": "1.0.0",
      "license": "ISC",
      "dependencies": {
        "logic_js": "0.0.3",
        "ramda": "^0.27.1"
      }
    },
    "node_modules/logic_js": {
      "version": "0.0.3",
      "resolved": "https://registry.npmjs.org/logic_js/-/logic_js-0.0.3.tgz",
      "integrity": "sha512-j+2u46GHzJt2+GT2agBiuny7hQwLKA6MFr7QNrIxzRKichG3BbIZKST39KBaWz8DBASD1kmpy4vVLecKl7crvQ=="
    },
    "node_modules/ramda": {
      "version": "0.27.1",
      "resolved": "https://registry.npmjs.org/ramda/-/ramda-0.27.1.tgz",
      "integrity": "sha512-PgIdVpn5y5Yns8vqb8FzBUEYn98V3xcPgawAkkgj0YJ0qDsnHCiNmZYfOGMgOvoB0eWFLpYbhxUR3mxfDIMvpw=="
    }
  },
  "dependencies": {
    "logic_js": {
      "version": "0.0.3",
      "resolved": "https://registry.npmjs.org/logic_js/-/logic_js-0.0.3.tgz",
      "integrity": "sha512-j+2u46GHzJt2+GT2agBiuny7hQwLKA6MFr7QNrIxzRKichG3BbIZKST39KBaWz8DBASD1kmpy4vVLecKl7crvQ=="
    },
    "ramda": {
      "version": "0.27.1",
      "resolved": "https://registry.npmjs.org/ramda/-/ramda-0.27.1.tgz",
      "integrity": "sha512-PgIdVpn5y5Yns8vqb8FzBUEYn98V3xcPgawAkkgj0YJ0qDsnHCiNmZYfOGMgOvoB0eWFLpYbhxUR3mxfDIMvpw=="
    }
  }
}
